
Microsoft Visual Studio Solution File, Format Version 12.00
# Visual Studio 15
VisualStudioVersion = 15.0.28307.960
MinimumVisualStudioVersion = 10.0.40219.1
Project("{888888A0-9F3D-457C-B088-3A5042F75D52}") = "py_LFSR", "py_LFSR\py_LFSR.pyproj", "{FBC632E5-97CE-443C-8485-92485A5396A8}"
EndProject
Global
	GlobalSection(SolutionConfigurationPlatforms) = preSolution
		Debug|Any CPU = Debug|Any CPU
		Release|Any CPU = Release|Any CPU
	EndGlobalSection
	GlobalSection(ProjectConfigurationPlatforms) = postSolution
		{FBC632E5-97CE-443C-8485-92485A5396A8}.Debug|Any CPU.ActiveCfg = Debug|Any CPU
		{FBC632E5-97CE-443C-8485-92485A5396A8}.Release|Any CPU.ActiveCfg = Release|Any CPU
	EndGlobalSection
	GlobalSection(SolutionProperties) = preSolution
		HideSolutionNode = FALSE
	EndGlobalSection
	GlobalSection(ExtensibilityGlobals) = postSolution
		SolutionGuid = {F7503517-C085-4336-99EA-8628AD1FF03B}
	EndGlobalSection
EndGlobal
