
Microsoft Visual Studio Solution File, Format Version 12.00
# Visual Studio 15
VisualStudioVersion = 15.0.28307.960
MinimumVisualStudioVersion = 10.0.40219.1
Project("{888888A0-9F3D-457C-B088-3A5042F75D52}") = "py_pyramid", "py_pyramid\py_pyramid.pyproj", "{CC732E69-B2A6-42C3-8DBE-9913667336C4}"
EndProject
Global
	GlobalSection(SolutionConfigurationPlatforms) = preSolution
		Debug|Any CPU = Debug|Any CPU
		Release|Any CPU = Release|Any CPU
	EndGlobalSection
	GlobalSection(ProjectConfigurationPlatforms) = postSolution
		{CC732E69-B2A6-42C3-8DBE-9913667336C4}.Debug|Any CPU.ActiveCfg = Debug|Any CPU
		{CC732E69-B2A6-42C3-8DBE-9913667336C4}.Release|Any CPU.ActiveCfg = Release|Any CPU
	EndGlobalSection
	GlobalSection(SolutionProperties) = preSolution
		HideSolutionNode = FALSE
	EndGlobalSection
	GlobalSection(ExtensibilityGlobals) = postSolution
		SolutionGuid = {88981BC3-6B4A-4B14-9D21-67F7581D40DF}
	EndGlobalSection
EndGlobal
