
Microsoft Visual Studio Solution File, Format Version 12.00
# Visual Studio 15
VisualStudioVersion = 15.0.28307.960
MinimumVisualStudioVersion = 10.0.40219.1
Project("{8BC9CEB8-8B4A-11D0-8D11-00A0C91BC942}") = "substitution permutation network", "substitution permutation network\substitution permutation network.vcxproj", "{282E95C3-CECA-4114-A48C-2CB5E8DD0761}"
EndProject
Global
	GlobalSection(SolutionConfigurationPlatforms) = preSolution
		Debug|x64 = Debug|x64
		Debug|x86 = Debug|x86
		Release|x64 = Release|x64
		Release|x86 = Release|x86
	EndGlobalSection
	GlobalSection(ProjectConfigurationPlatforms) = postSolution
		{282E95C3-CECA-4114-A48C-2CB5E8DD0761}.Debug|x64.ActiveCfg = Debug|x64
		{282E95C3-CECA-4114-A48C-2CB5E8DD0761}.Debug|x64.Build.0 = Debug|x64
		{282E95C3-CECA-4114-A48C-2CB5E8DD0761}.Debug|x86.ActiveCfg = Debug|Win32
		{282E95C3-CECA-4114-A48C-2CB5E8DD0761}.Debug|x86.Build.0 = Debug|Win32
		{282E95C3-CECA-4114-A48C-2CB5E8DD0761}.Release|x64.ActiveCfg = Release|x64
		{282E95C3-CECA-4114-A48C-2CB5E8DD0761}.Release|x64.Build.0 = Release|x64
		{282E95C3-CECA-4114-A48C-2CB5E8DD0761}.Release|x86.ActiveCfg = Release|Win32
		{282E95C3-CECA-4114-A48C-2CB5E8DD0761}.Release|x86.Build.0 = Release|Win32
	EndGlobalSection
	GlobalSection(SolutionProperties) = preSolution
		HideSolutionNode = FALSE
	EndGlobalSection
	GlobalSection(ExtensibilityGlobals) = postSolution
		SolutionGuid = {4953B6B0-02C0-4A36-9086-3BD00049F95D}
	EndGlobalSection
EndGlobal
