
Microsoft Visual Studio Solution File, Format Version 12.00
# Visual Studio 15
VisualStudioVersion = 15.0.28307.960
MinimumVisualStudioVersion = 10.0.40219.1
Project("{8BC9CEB8-8B4A-11D0-8D11-00A0C91BC942}") = "sorting_visualiser", "sorting_visualiser\sorting_visualiser.vcxproj", "{B892D63C-6517-489F-A70A-B1A057CF9F5C}"
EndProject
Global
	GlobalSection(SolutionConfigurationPlatforms) = preSolution
		Debug|x64 = Debug|x64
		Debug|x86 = Debug|x86
		Release|x64 = Release|x64
		Release|x86 = Release|x86
	EndGlobalSection
	GlobalSection(ProjectConfigurationPlatforms) = postSolution
		{B892D63C-6517-489F-A70A-B1A057CF9F5C}.Debug|x64.ActiveCfg = Debug|x64
		{B892D63C-6517-489F-A70A-B1A057CF9F5C}.Debug|x64.Build.0 = Debug|x64
		{B892D63C-6517-489F-A70A-B1A057CF9F5C}.Debug|x86.ActiveCfg = Debug|Win32
		{B892D63C-6517-489F-A70A-B1A057CF9F5C}.Debug|x86.Build.0 = Debug|Win32
		{B892D63C-6517-489F-A70A-B1A057CF9F5C}.Release|x64.ActiveCfg = Release|x64
		{B892D63C-6517-489F-A70A-B1A057CF9F5C}.Release|x64.Build.0 = Release|x64
		{B892D63C-6517-489F-A70A-B1A057CF9F5C}.Release|x86.ActiveCfg = Release|Win32
		{B892D63C-6517-489F-A70A-B1A057CF9F5C}.Release|x86.Build.0 = Release|Win32
	EndGlobalSection
	GlobalSection(SolutionProperties) = preSolution
		HideSolutionNode = FALSE
	EndGlobalSection
	GlobalSection(ExtensibilityGlobals) = postSolution
		SolutionGuid = {A98B3326-F98F-4103-9730-516B4CDC09F9}
	EndGlobalSection
EndGlobal
