
Microsoft Visual Studio Solution File, Format Version 12.00
# Visual Studio 15
VisualStudioVersion = 15.0.28307.960
MinimumVisualStudioVersion = 10.0.40219.1
Project("{888888A0-9F3D-457C-B088-3A5042F75D52}") = "py_lcg", "py_lcg\py_lcg.pyproj", "{29D09E03-E476-4E64-AE27-E3A839B183F7}"
EndProject
Global
	GlobalSection(SolutionConfigurationPlatforms) = preSolution
		Debug|Any CPU = Debug|Any CPU
		Release|Any CPU = Release|Any CPU
	EndGlobalSection
	GlobalSection(ProjectConfigurationPlatforms) = postSolution
		{29D09E03-E476-4E64-AE27-E3A839B183F7}.Debug|Any CPU.ActiveCfg = Debug|Any CPU
		{29D09E03-E476-4E64-AE27-E3A839B183F7}.Release|Any CPU.ActiveCfg = Release|Any CPU
	EndGlobalSection
	GlobalSection(SolutionProperties) = preSolution
		HideSolutionNode = FALSE
	EndGlobalSection
	GlobalSection(ExtensibilityGlobals) = postSolution
		SolutionGuid = {70C2D139-BD8E-4A87-BEA9-A387C421E874}
	EndGlobalSection
EndGlobal
