
Microsoft Visual Studio Solution File, Format Version 12.00
# Visual Studio 15
VisualStudioVersion = 15.0.28307.960
MinimumVisualStudioVersion = 10.0.40219.1
Project("{888888A0-9F3D-457C-B088-3A5042F75D52}") = "trace routing and graphing", "trace routing and graphing\trace routing and graphing.pyproj", "{DFDE0C41-9841-445B-AB71-A15F648D2E02}"
EndProject
Global
	GlobalSection(SolutionConfigurationPlatforms) = preSolution
		Debug|Any CPU = Debug|Any CPU
		Release|Any CPU = Release|Any CPU
	EndGlobalSection
	GlobalSection(ProjectConfigurationPlatforms) = postSolution
		{DFDE0C41-9841-445B-AB71-A15F648D2E02}.Debug|Any CPU.ActiveCfg = Debug|Any CPU
		{DFDE0C41-9841-445B-AB71-A15F648D2E02}.Release|Any CPU.ActiveCfg = Release|Any CPU
	EndGlobalSection
	GlobalSection(SolutionProperties) = preSolution
		HideSolutionNode = FALSE
	EndGlobalSection
	GlobalSection(ExtensibilityGlobals) = postSolution
		SolutionGuid = {D0367BA9-FDF7-4F5D-AA69-EA441F8B64FC}
	EndGlobalSection
EndGlobal
